{
    "name": "@wizpanda/super-gif",
    "version": "0.0.6",
    "lockfileVersion": 3,
    "requires": true,
    "packages": {
        "": {
            "name": "@wizpanda/super-gif",
            "version": "0.0.6",
            "license": "MIT",
            "devDependencies": {
                "typescript": "^3.0.1"
            }
        },
        "node_modules/typescript": {
            "version": "3.0.1",
            "resolved": "https://registry.npmjs.org/typescript/-/typescript-3.0.1.tgz",
            "integrity": "sha512-zQIMOmC+372pC/CCVLqnQ0zSBiY7HHodU7mpQdjiZddek4GMj31I3dUJ7gAs9o65X7mnRma6OokOkc6f9jjfBg==",
            "dev": true,
            "bin": {
                "tsc": "bin/tsc",
                "tsserver": "bin/tsserver"
            },
            "engines": {
                "node": ">=4.2.0"
            }
        }
    }
}
